Microsoft Visual Studio Solution File, Format Version 9.00
# Visual Studio 2005
Project("{8BC9CEB8-8B4A-11D0-8D11-00A0C91BC942}") = "ConsoleHook", "ConsoleHook\ConsoleHook.vcproj", "{69234D74-7133-48FF-8DDB-9901FFC4D7FF}"
EndProject
Project("{8BC9CEB8-8B4A-11D0-8D11-00A0C91BC942}") = "Console", "Console\Console.vcproj", "{6EA5C354-A242-49F3-88D1-559EACA7FB8A}"
EndProject
Global
	GlobalSection(SolutionConfigurationPlatforms) = preSolution
		Debug|Win32 = Debug|Win32
		Release|Win32 = Release|Win32
	EndGlobalSection
	GlobalSection(ProjectConfigurationPlatforms) = postSolution
		{69234D74-7133-48FF-8DDB-9901FFC4D7FF}.Debug|Win32.ActiveCfg = Debug|Win32
		{69234D74-7133-48FF-8DDB-9901FFC4D7FF}.Debug|Win32.Build.0 = Debug|Win32
		{69234D74-7133-48FF-8DDB-9901FFC4D7FF}.Release|Win32.ActiveCfg = Release|Win32
		{69234D74-7133-48FF-8DDB-9901FFC4D7FF}.Release|Win32.Build.0 = Release|Win32
		{6EA5C354-A242-49F3-88D1-559EACA7FB8A}.Debug|Win32.ActiveCfg = Debug|Win32
		{6EA5C354-A242-49F3-88D1-559EACA7FB8A}.Debug|Win32.Build.0 = Debug|Win32
		{6EA5C354-A242-49F3-88D1-559EACA7FB8A}.Release|Win32.ActiveCfg = Release|Win32
		{6EA5C354-A242-49F3-88D1-559EACA7FB8A}.Release|Win32.Build.0 = Release|Win32
	EndGlobalSection
	GlobalSection(SolutionProperties) = preSolution
		HideSolutionNode = FALSE
	EndGlobalSection
EndGlobal
